
Microsoft Visual Studio Solution File, Format Version 12.00
# Visual Studio 15
VisualStudioVersion = 15.0.28010.2026
MinimumVisualStudioVersion = 10.0.40219.1
Project("{9A19103F-16F7-4668-BE54-9A1E7A4F7556}") = "Rocket.Libraries.Validation", "src\Rocket.Libraries.Validation\Rocket.Libraries.Validation.csproj", "{253F94E2-E81A-40D7-98E5-B9DF22B5746C}"
EndProject
Global
	GlobalSection(SolutionConfigurationPlatforms) = preSolution
		Debug|Any CPU = Debug|Any CPU
		Release|Any CPU = Release|Any CPU
	EndGlobalSection
	GlobalSection(ProjectConfigurationPlatforms) = postSolution
		{253F94E2-E81A-40D7-98E5-B9DF22B5746C}.Debug|Any CPU.ActiveCfg = Debug|Any CPU
		{253F94E2-E81A-40D7-98E5-B9DF22B5746C}.Debug|Any CPU.Build.0 = Debug|Any CPU
		{253F94E2-E81A-40D7-98E5-B9DF22B5746C}.Release|Any CPU.ActiveCfg = Release|Any CPU
		{253F94E2-E81A-40D7-98E5-B9DF22B5746C}.Release|Any CPU.Build.0 = Release|Any CPU
	EndGlobalSection
	GlobalSection(SolutionProperties) = preSolution
		HideSolutionNode = FALSE
	EndGlobalSection
	GlobalSection(ExtensibilityGlobals) = postSolution
		SolutionGuid = {441C4C86-4A0E-4ED7-9CD0-925C368D4CEF}
	EndGlobalSection
EndGlobal
